
Microsoft Visual Studio Solution File, Format Version 12.00
# Visual Studio Version 17
VisualStudioVersion = 17.13.35931.197
MinimumVisualStudioVersion = 10.0.40219.1
Project("{FAE04EC0-301F-11D3-BF4B-00C04F79EFBC}") = "CodeKeeper.UI", "CodeKeeper.UI\CodeKeeper.UI.csproj", "{A036979C-0E09-488E-B074-8FBA32FB3C96}"
EndProject
Project("{FAE04EC0-301F-11D3-BF4B-00C04F79EFBC}") = "CodeKeeper.Application", "CodeKeeper.Application\CodeKeeper.Application.csproj", "{E19C5AAB-4A7E-402A-9D84-08E28BCE7439}"
EndProject
Project("{FAE04EC0-301F-11D3-BF4B-00C04F79EFBC}") = "CodeKeeper.Domain", "CodeKeeper.Domain\CodeKeeper.Domain.csproj", "{995347FD-C58E-413B-9EE7-F7A60958B804}"
EndProject
Project("{FAE04EC0-301F-11D3-BF4B-00C04F79EFBC}") = "CodeKeeper.Infrastructure", "CodeKeeper.Infrastructure\CodeKeeper.Infrastructure.csproj", "{BE93932E-A53B-4071-B4C0-4EDCB35CD88A}"
EndProject
Project("{FAE04EC0-301F-11D3-BF4B-00C04F79EFBC}") = "CodeKeeper.Common", "CodeKeeper.Common\CodeKeeper.Common.csproj", "{31C8E98C-CD0A-410A-80FC-85DA8990CFB7}"
EndProject
Global
	GlobalSection(SolutionConfigurationPlatforms) = preSolution
		Debug|Any CPU = Debug|Any CPU
		Release|Any CPU = Release|Any CPU
	EndGlobalSection
	GlobalSection(ProjectConfigurationPlatforms) = postSolution
		{A036979C-0E09-488E-B074-8FBA32FB3C96}.Debug|Any CPU.ActiveCfg = Debug|Any CPU
		{A036979C-0E09-488E-B074-8FBA32FB3C96}.Debug|Any CPU.Build.0 = Debug|Any CPU
		{A036979C-0E09-488E-B074-8FBA32FB3C96}.Release|Any CPU.ActiveCfg = Release|Any CPU
		{A036979C-0E09-488E-B074-8FBA32FB3C96}.Release|Any CPU.Build.0 = Release|Any CPU
		{E19C5AAB-4A7E-402A-9D84-08E28BCE7439}.Debug|Any CPU.ActiveCfg = Debug|Any CPU
		{E19C5AAB-4A7E-402A-9D84-08E28BCE7439}.Debug|Any CPU.Build.0 = Debug|Any CPU
		{E19C5AAB-4A7E-402A-9D84-08E28BCE7439}.Release|Any CPU.ActiveCfg = Release|Any CPU
		{E19C5AAB-4A7E-402A-9D84-08E28BCE7439}.Release|Any CPU.Build.0 = Release|Any CPU
		{995347FD-C58E-413B-9EE7-F7A60958B804}.Debug|Any CPU.ActiveCfg = Debug|Any CPU
		{995347FD-C58E-413B-9EE7-F7A60958B804}.Debug|Any CPU.Build.0 = Debug|Any CPU
		{995347FD-C58E-413B-9EE7-F7A60958B804}.Release|Any CPU.ActiveCfg = Release|Any CPU
		{995347FD-C58E-413B-9EE7-F7A60958B804}.Release|Any CPU.Build.0 = Release|Any CPU
		{BE93932E-A53B-4071-B4C0-4EDCB35CD88A}.Debug|Any CPU.ActiveCfg = Debug|Any CPU
		{BE93932E-A53B-4071-B4C0-4EDCB35CD88A}.Debug|Any CPU.Build.0 = Debug|Any CPU
		{BE93932E-A53B-4071-B4C0-4EDCB35CD88A}.Release|Any CPU.ActiveCfg = Release|Any CPU
		{BE93932E-A53B-4071-B4C0-4EDCB35CD88A}.Release|Any CPU.Build.0 = Release|Any CPU
		{31C8E98C-CD0A-410A-80FC-85DA8990CFB7}.Debug|Any CPU.ActiveCfg = Debug|Any CPU
		{31C8E98C-CD0A-410A-80FC-85DA8990CFB7}.Debug|Any CPU.Build.0 = Debug|Any CPU
		{31C8E98C-CD0A-410A-80FC-85DA8990CFB7}.Release|Any CPU.ActiveCfg = Release|Any CPU
		{31C8E98C-CD0A-410A-80FC-85DA8990CFB7}.Release|Any CPU.Build.0 = Release|Any CPU
	EndGlobalSection
	GlobalSection(SolutionProperties) = preSolution
		HideSolutionNode = FALSE
	EndGlobalSection
	GlobalSection(ExtensibilityGlobals) = postSolution
		SolutionGuid = {E535B1E8-F257-48C7-8E68-7976B4D7F499}
	EndGlobalSection
EndGlobal
